{
  "version": 4,
  "terraform_version": "1.0.0",
  "serial": 3,
  "lineage": "f2d67de9-4513-3569-ee42-411db36868e4",
  "outputs": {},
  "resources": [
    {
      "module": "module.varad_template",
      "mode": "data",
      "type": "local_file",
      "name": "file",
      "provider": "provider[\"registry.terraform.io/hashicorp/local\"]",
      "instances": [
        {
          "schema_version": 0,
          "attributes": {
            "content": "from prod environment",
            "content_base64": "ZnJvbSBwcm9kIGVudmlyb25tZW50",
            "filename": "prod_file.txt",
            "id": "309cfd39310900173bfa50fc215270525ae07160"
          },
          "sensitive_attributes": []
        }
      ]
    },
    {
      "module": "module.varad_template",
      "mode": "managed",
      "type": "local_file",
      "name": "template_file_env",
      "provider": "provider[\"registry.terraform.io/hashicorp/local\"]",
      "instances": [
        {
          "schema_version": 0,
          "attributes": {
            "content": "from prod environment",
            "content_base64": null,
            "directory_permission": "0777",
            "file_permission": "0777",
            "filename": "prod_file.txt",
            "id": "309cfd39310900173bfa50fc215270525ae07160",
            "sensitive_content": null,
            "source": null
          },
          "sensitive_attributes": [],
          "private": "bnVsbA=="
        }
      ]
    }
  ]
}
