{
  "version": 4,
  "terraform_version": "1.0.0",
  "serial": 6,
  "lineage": "0c253afe-6638-a726-c0ca-c826890ad40e",
  "outputs": {},
  "resources": [
    {
      "module": "module.varad_template",
      "mode": "data",
      "type": "local_file",
      "name": "file",
      "provider": "provider[\"registry.terraform.io/hashicorp/local\"]",
      "instances": [
        {
          "schema_version": 0,
          "attributes": {
            "content": "from dev environment",
            "content_base64": "ZnJvbSBkZXYgZW52aXJvbm1lbnQ=",
            "filename": "dev_file.txt",
            "id": "bfaa482351e8ffd6011965cd2915ca0910ca35c6"
          },
          "sensitive_attributes": []
        }
      ]
    },
    {
      "module": "module.varad_template",
      "mode": "managed",
      "type": "local_file",
      "name": "template_file_env",
      "provider": "provider[\"registry.terraform.io/hashicorp/local\"]",
      "instances": [
        {
          "schema_version": 0,
          "attributes": {
            "content": "from dev environment",
            "content_base64": null,
            "directory_permission": "0777",
            "file_permission": "0777",
            "filename": "dev_file.txt",
            "id": "bfaa482351e8ffd6011965cd2915ca0910ca35c6",
            "sensitive_content": null,
            "source": null
          },
          "sensitive_attributes": [],
          "private": "bnVsbA=="
        }
      ]
    }
  ]
}
