C:\Users\varad_ahirwadkar\Desktop\Terraform\Assignment>terraform plan -out ec2_service -var="instance_name=ubuntu_instance_1" -var="instance_type=t2.micro" -var="size=2" -var="volume_name=extra_vol"

Terraform used the selected providers to generate the following execution plan. Resource actions are indicated with the following
symbols:
  + create

Terraform will perform the following actions:

  # aws_ebs_volume.myvolume will be created
  + resource "aws_ebs_volume" "myvolume" {
      + arn               = (known after apply)
      + availability_zone = (known after apply)
      + encrypted         = (known after apply)
      + id                = (known after apply)
      + iops              = (known after apply)
      + kms_key_id        = (known after apply)
      + size              = 2
      + snapshot_id       = (known after apply)
      + tags              = {
          + "Name" = "varad-extra_vol"
        }
      + tags_all          = {
          + "Name" = "varad-extra_vol"
        }
      + throughput        = (known after apply)
      + type              = (known after apply)
    }

  # aws_instance.demo_instance will be created
  + resource "aws_instance" "demo_instance" {
      + ami                                  = "ami-0c1a7f89451184c8b"
      + arn                                  = (known after apply)
      + associate_public_ip_address          = (known after apply)
      + availability_zone                    = (known after apply)
      + cpu_core_count                       = (known after apply)
      + cpu_threads_per_core                 = (known after apply)
      + get_password_data                    = false
      + host_id                              = (known after apply)
      + id                                   = (known after apply)
      + instance_initiated_shutdown_behavior = (known after apply)
      + instance_state                       = (known after apply)
      + instance_type                        = "t2.micro"
      + ipv6_address_count                   = (known after apply)
      + ipv6_addresses                       = (known after apply)
      + key_name                             = "ubuntu_tf_keys"
      + outpost_arn                          = (known after apply)
      + password_data                        = (known after apply)
      + placement_group                      = (known after apply)
      + primary_network_interface_id         = (known after apply)
      + private_dns                          = (known after apply)
      + private_ip                           = (known after apply)
      + public_dns                           = (known after apply)
      + public_ip                            = (known after apply)
      + secondary_private_ips                = (known after apply)
      + security_groups                      = (known after apply)
      + source_dest_check                    = true
      + subnet_id                            = (known after apply)
      + tags                                 = (known after apply)
      + tags_all                             = (known after apply)
      + tenancy                              = (known after apply)
      + vpc_security_group_ids               = (known after apply)

      + capacity_reservation_specification {
          + capacity_reservation_preference = (known after apply)

          + capacity_reservation_target {
              + capacity_reservation_id = (known after apply)
            }
        }

      + ebs_block_device {
          + delete_on_termination = (known after apply)
          + device_name           = (known after apply)
          + encrypted             = (known after apply)
          + iops                  = (known after apply)
          + kms_key_id            = (known after apply)
          + snapshot_id           = (known after apply)
          + tags                  = (known after apply)
          + throughput            = (known after apply)
          + volume_id             = (known after apply)
          + volume_size           = (known after apply)
          + volume_type           = (known after apply)
        }

      + enclave_options {
          + enabled = (known after apply)
        }

      + ephemeral_block_device {
          + device_name  = (known after apply)
          + no_device    = (known after apply)
          + virtual_name = (known after apply)
        }

      + metadata_options {
          + http_endpoint               = (known after apply)
          + http_put_response_hop_limit = (known after apply)
          + http_tokens                 = (known after apply)
        }

      + network_interface {
          + delete_on_termination = (known after apply)
          + device_index          = (known after apply)
          + network_interface_id  = (known after apply)
        }

      + root_block_device {
          + delete_on_termination = (known after apply)
          + device_name           = (known after apply)
          + encrypted             = (known after apply)
          + iops                  = (known after apply)
          + kms_key_id            = (known after apply)
          + tags                  = (known after apply)
          + throughput            = (known after apply)
          + volume_id             = (known after apply)
          + volume_size           = (known after apply)
          + volume_type           = (known after apply)
        }
    }

  # aws_key_pair.generated_key will be created
  + resource "aws_key_pair" "generated_key" {
      + arn         = (known after apply)
      + fingerprint = (known after apply)
      + id          = (known after apply)
      + key_name    = "ubuntu_tf_keys"
      + key_pair_id = (known after apply)
      + public_key  = (known after apply)
      + tags_all    = (known after apply)
    }

  # aws_volume_attachment.ebs_att will be created
  + resource "aws_volume_attachment" "ebs_att" {
      + device_name = "/dev/sdh"
      + id          = (known after apply)
      + instance_id = (known after apply)
      + volume_id   = (known after apply)
    }

  # local_file.private_key will be created
  + resource "local_file" "private_key" {
      + content              = (sensitive)
      + directory_permission = "0777"
      + file_permission      = "0777"
      + filename             = "id_ubuntu_rsa.pem"
      + id                   = (known after apply)
    }

  # random_id.id will be created
  + resource "random_id" "id" {
      + b64_std     = (known after apply)
      + b64_url     = (known after apply)
      + byte_length = 2
      + dec         = (known after apply)
      + hex         = (known after apply)
      + id          = (known after apply)
    }

  # tls_private_key.tf_ubuntu_key will be created
  + resource "tls_private_key" "tf_ubuntu_key" {
      + algorithm                  = "RSA"
      + ecdsa_curve                = "P224"
      + id                         = (known after apply)
      + private_key_pem            = (sensitive value)
      + public_key_fingerprint_md5 = (known after apply)
      + public_key_openssh         = (known after apply)
      + public_key_pem             = (known after apply)
      + rsa_bits                   = 4096
    }

Plan: 7 to add, 0 to change, 0 to destroy.

──────────────────────────────────────────────────────────────────────────────────────────────────────────────────────────────────────

Saved the plan to: ec2_service

To perform exactly these actions, run the following command to apply:
    terraform apply "ec2_service"

C:\Users\varad_ahirwadkar\Desktop\Terraform\Assignment>
C:\Users\varad_ahirwadkar\Desktop\Terraform\Assignment>terraform apply ec2_service
tls_private_key.tf_ubuntu_key: Creating...
random_id.id: Creating...
random_id.id: Creation complete after 0s [id=lrQ]
tls_private_key.tf_ubuntu_key: Creation complete after 0s [id=6cc7be75338af32a9e0b06d1120bc01a85c08dbb]
local_file.private_key: Creating...
local_file.private_key: Creation complete after 0s [id=8289eed618923d1c5862604207838953765545f4]
aws_key_pair.generated_key: Creating...
aws_key_pair.generated_key: Creation complete after 1s [id=ubuntu_tf_keys]
aws_instance.demo_instance: Creating...
aws_instance.demo_instance: Still creating... [10s elapsed]
aws_instance.demo_instance: Still creating... [20s elapsed]
aws_instance.demo_instance: Creation complete after 24s [id=i-04175e1453ac1236e]
aws_ebs_volume.myvolume: Creating...
aws_ebs_volume.myvolume: Still creating... [10s elapsed]
aws_ebs_volume.myvolume: Creation complete after 12s [id=vol-07a3d604459df4937]
aws_volume_attachment.ebs_att: Creating...
aws_volume_attachment.ebs_att: Still creating... [10s elapsed]
aws_volume_attachment.ebs_att: Still creating... [20s elapsed]
aws_volume_attachment.ebs_att: Creation complete after 22s [id=vai-4281166990]

Apply complete! Resources: 7 added, 0 changed, 0 destroyed.